
Microsoft Visual Studio Solution File, Format Version 12.00
# Visual Studio Version 17
VisualStudioVersion = 17.11.35222.181
MinimumVisualStudioVersion = 10.0.40219.1
Project("{FAE04EC0-301F-11D3-BF4B-00C04F79EFBC}") = "Diagnostico3", "Diagnostico3\Diagnostico3.csproj", "{7B97816D-1D22-465C-B08B-23A64CCFFB34}"
EndProject
Global
	GlobalSection(SolutionConfigurationPlatforms) = preSolution
		Debug|Any CPU = Debug|Any CPU
		Release|Any CPU = Release|Any CPU
	EndGlobalSection
	GlobalSection(ProjectConfigurationPlatforms) = postSolution
		{7B97816D-1D22-465C-B08B-23A64CCFFB34}.Debug|Any CPU.ActiveCfg = Debug|Any CPU
		{7B97816D-1D22-465C-B08B-23A64CCFFB34}.Debug|Any CPU.Build.0 = Debug|Any CPU
		{7B97816D-1D22-465C-B08B-23A64CCFFB34}.Release|Any CPU.ActiveCfg = Release|Any CPU
		{7B97816D-1D22-465C-B08B-23A64CCFFB34}.Release|Any CPU.Build.0 = Release|Any CPU
	EndGlobalSection
	GlobalSection(SolutionProperties) = preSolution
		HideSolutionNode = FALSE
	EndGlobalSection
	GlobalSection(ExtensibilityGlobals) = postSolution
		SolutionGuid = {45CEA954-538D-4031-8469-0A00365C1B30}
	EndGlobalSection
EndGlobal
